// !$*UTF8*$!
{
	archiveVersion = 1;
	classes = {
	};
	objectVersion = 46;
	objects = {

/* Begin PBXBuildFile section */
		1E6337C7B45C3D47B56398E5 /* Pods_Social_Ring.framework in Frameworks */ = {isa = PBXBuildFile; fileRef = 484C2E8624EA07CEB3800806 /* Pods_Social_Ring.framework */; };
		8B37922F1DC4D74A00552254 /* GoogleService-Info.plist in Resources */ = {isa = PBXBuildFile; fileRef = 8B37922E1DC4D74A00552254 /* GoogleService-Info.plist */; };
		8B3792341DC5B37A00552254 /* Constants.swift in Sources */ = {isa = PBXBuildFile; fileRef = 8B3792331DC5B37A00552254 /* Constants.swift */; };
		8B3792361DC5B8E800552254 /* FeedVCViewController.swift in Sources */ = {isa = PBXBuildFile; fileRef = 8B3792351DC5B8E800552254 /* FeedVCViewController.swift */; };
		8B3792391DC67BD400552254 /* PostCell.swift in Sources */ = {isa = PBXBuildFile; fileRef = 8B3792381DC67BD400552254 /* PostCell.swift */; };
		8B884F8B1DC7ACA800E1E3E4 /* CircleView.swift in Sources */ = {isa = PBXBuildFile; fileRef = 8B884F8A1DC7ACA800E1E3E4 /* CircleView.swift */; };
		8B8A69C71DBFD804005030EC /* AppDelegate.swift in Sources */ = {isa = PBXBuildFile; fileRef = 8B8A69C61DBFD804005030EC /* AppDelegate.swift */; };
		8B8A69C91DBFD804005030EC /* ViewController.swift in Sources */ = {isa = PBXBuildFile; fileRef = 8B8A69C81DBFD804005030EC /* ViewController.swift */; };
		8B8A69CC1DBFD804005030EC /* Main.storyboard in Resources */ = {isa = PBXBuildFile; fileRef = 8B8A69CA1DBFD804005030EC /* Main.storyboard */; };
		8B8A69CE1DBFD804005030EC /* Assets.xcassets in Resources */ = {isa = PBXBuildFile; fileRef = 8B8A69CD1DBFD804005030EC /* Assets.xcassets */; };
		8B8A69D11DBFD804005030EC /* LaunchScreen.storyboard in Resources */ = {isa = PBXBuildFile; fileRef = 8B8A69CF1DBFD804005030EC /* LaunchScreen.storyboard */; };
/* End PBXBuildFile section */

/* Begin PBXFileReference section */
		484C2E8624EA07CEB3800806 /* Pods_Social_Ring.framework */ = {isa = PBXFileReference; explicitFileType = wrapper.framework; includeInIndex = 0; path = Pods_Social_Ring.framework; sourceTree = BUILT_PRODUCTS_DIR; };
		8B37922E1DC4D74A00552254 /* GoogleService-Info.plist */ = {isa = PBXFileReference; fileEncoding = 4; lastKnownFileType = text.plist.xml; path = "GoogleService-Info.plist"; sourceTree = SOURCE_ROOT; };
		8B3792321DC5A5AF00552254 /* Social Ring.entitlements */ = {isa = PBXFileReference; lastKnownFileType = text.plist.entitlements; path = "Social Ring.entitlements"; sourceTree = "<group>"; };
		8B3792331DC5B37A00552254 /* Constants.swift */ = {isa = PBXFileReference; fileEncoding = 4; lastKnownFileType = sourcecode.swift; path = Constants.swift; sourceTree = "<group>"; };
		8B3792351DC5B8E800552254 /* FeedVCViewController.swift */ = {isa = PBXFileReference; fileEncoding = 4; lastKnownFileType = sourcecode.swift; path = FeedVCViewController.swift; sourceTree = "<group>"; };
		8B3792381DC67BD400552254 /* PostCell.swift */ = {isa = PBXFileReference; fileEncoding = 4; lastKnownFileType = sourcecode.swift; path = PostCell.swift; sourceTree = "<group>"; };
		8B884F8A1DC7ACA800E1E3E4 /* CircleView.swift */ = {isa = PBXFileReference; fileEncoding = 4; lastKnownFileType = sourcecode.swift; path = CircleView.swift; sourceTree = "<group>"; };
		8B8A69C31DBFD804005030EC /* Social Ring.app */ = {isa = PBXFileReference; explicitFileType = wrapper.application; includeInIndex = 0; path = "Social Ring.app"; sourceTree = BUILT_PRODUCTS_DIR; };
		8B8A69C61DBFD804005030EC /* AppDelegate.swift */ = {isa = PBXFileReference; lastKnownFileType = sourcecode.swift; path = AppDelegate.swift; sourceTree = "<group>"; };
		8B8A69C81DBFD804005030EC /* ViewController.swift */ = {isa = PBXFileReference; lastKnownFileType = sourcecode.swift; path = ViewController.swift; sourceTree = "<group>"; };
		8B8A69CB1DBFD804005030EC /* Base */ = {isa = PBXFileReference; lastKnownFileType = file.storyboard; name = Base; path = Base.lproj/Main.storyboard; sourceTree = "<group>"; };
		8B8A69CD1DBFD804005030EC /* Assets.xcassets */ = {isa = PBXFileReference; lastKnownFileType = folder.assetcatalog; path = Assets.xcassets; sourceTree = "<group>"; };
		8B8A69D01DBFD804005030EC /* Base */ = {isa = PBXFileReference; lastKnownFileType = file.storyboard; name = Base; path = Base.lproj/LaunchScreen.storyboard; sourceTree = "<group>"; };
		8B8A69D21DBFD804005030EC /* Info.plist */ = {isa = PBXFileReference; lastKnownFileType = text.plist.xml; path = Info.plist; sourceTree = "<group>"; };
		CAF52FC766352DED9BBADA34 /* Pods-Social Ring.debug.xcconfig */ = {isa = PBXFileReference; includeInIndex = 1; lastKnownFileType = text.xcconfig; name = "Pods-Social Ring.debug.xcconfig"; path = "Pods/Target Support Files/Pods-Social Ring/Pods-Social Ring.debug.xcconfig"; sourceTree = "<group>"; };
		DA625E281FD49420C8AA1DD5 /* Pods-Social Ring.release.xcconfig */ = {isa = PBXFileReference; includeInIndex = 1; lastKnownFileType = text.xcconfig; name = "Pods-Social Ring.release.xcconfig"; path = "Pods/Target Support Files/Pods-Social Ring/Pods-Social Ring.release.xcconfig"; sourceTree = "<group>"; };
/* End PBXFileReference section */

/* Begin PBXFrameworksBuildPhase section */
		8B8A69C01DBFD804005030EC /* Frameworks */ = {
			isa = PBXFrameworksBuildPhase;
			buildActionMask = 2147483647;
			files = (
				1E6337C7B45C3D47B56398E5 /* Pods_Social_Ring.framework in Frameworks */,
			);
			runOnlyForDeploymentPostprocessing = 0;
		};
/* End PBXFrameworksBuildPhase section */

/* Begin PBXGroup section */
		26E446273F88C50B750BF1E2 /* Pods */ = {
			isa = PBXGroup;
			children = (
				CAF52FC766352DED9BBADA34 /* Pods-Social Ring.debug.xcconfig */,
				DA625E281FD49420C8AA1DD5 /* Pods-Social Ring.release.xcconfig */,
			);
			name = Pods;
			sourceTree = "<group>";
		};
		3C66E12043FA10A9FE8C53FC /* Frameworks */ = {
			isa = PBXGroup;
			children = (
				484C2E8624EA07CEB3800806 /* Pods_Social_Ring.framework */,
			);
			name = Frameworks;
			sourceTree = "<group>";
		};
		8B3792371DC5B9D500552254 /* Controller */ = {
			isa = PBXGroup;
			children = (
				8B8A69C81DBFD804005030EC /* ViewController.swift */,
				8B3792351DC5B8E800552254 /* FeedVCViewController.swift */,
			);
			name = Controller;
			sourceTree = "<group>";
		};
		8B884F8C1DC7ACB000E1E3E4 /* View */ = {
			isa = PBXGroup;
			children = (
				8B884F8A1DC7ACA800E1E3E4 /* CircleView.swift */,
				8B3792381DC67BD400552254 /* PostCell.swift */,
			);
			name = View;
			sourceTree = "<group>";
		};
		8B8A69BA1DBFD804005030EC = {
			isa = PBXGroup;
			children = (
				8B8A69C51DBFD804005030EC /* Social Ring */,
				8B8A69C41DBFD804005030EC /* Products */,
				26E446273F88C50B750BF1E2 /* Pods */,
				3C66E12043FA10A9FE8C53FC /* Frameworks */,
			);
			sourceTree = "<group>";
		};
		8B8A69C41DBFD804005030EC /* Products */ = {
			isa = PBXGroup;
			children = (
				8B8A69C31DBFD804005030EC /* Social Ring.app */,
			);
			name = Products;
			sourceTree = "<group>";
		};
		8B8A69C51DBFD804005030EC /* Social Ring */ = {
			isa = PBXGroup;
			children = (
				8B3792321DC5A5AF00552254 /* Social Ring.entitlements */,
				8B8A69C61DBFD804005030EC /* AppDelegate.swift */,
				8B3792371DC5B9D500552254 /* Controller */,
				8B884F8C1DC7ACB000E1E3E4 /* View */,
				8B8A69CA1DBFD804005030EC /* Main.storyboard */,
				8B8A69CD1DBFD804005030EC /* Assets.xcassets */,
				8B8A69CF1DBFD804005030EC /* LaunchScreen.storyboard */,
				8B37922E1DC4D74A00552254 /* GoogleService-Info.plist */,
				8B8A69D21DBFD804005030EC /* Info.plist */,
				8B3792331DC5B37A00552254 /* Constants.swift */,
			);
			path = "Social Ring";
			sourceTree = "<group>";
		};
/* End PBXGroup section */

/* Begin PBXNativeTarget section */
		8B8A69C21DBFD804005030EC /* Social Ring */ = {
			isa = PBXNativeTarget;
			buildConfigurationList = 8B8A69D51DBFD804005030EC /* Build configuration list for PBXNativeTarget "Social Ring" */;
			buildPhases = (
				6455EA5732A3AB7511407EAF /* [CP] Check Pods Manifest.lock */,
				8B8A69BF1DBFD804005030EC /* Sources */,
				8B8A69C01DBFD804005030EC /* Frameworks */,
				8B8A69C11DBFD804005030EC /* Resources */,
				723BBBD9B3A22A02BE4BC57E /* [CP] Embed Pods Frameworks */,
				C8471E88896E1DD55CBB0020 /* [CP] Copy Pods Resources */,
			);
			buildRules = (
			);
			dependencies = (
			);
			name = "Social Ring";
			productName = "Social Ring";
			productReference = 8B8A69C31DBFD804005030EC /* Social Ring.app */;
			productType = "com.apple.product-type.application";
		};
/* End PBXNativeTarget section */

/* Begin PBXProject section */
		8B8A69BB1DBFD804005030EC /* Project object */ = {
			isa = PBXProject;
			attributes = {
				LastSwiftUpdateCheck = 0800;
				LastUpgradeCheck = 0800;
				ORGANIZATIONNAME = "Jean-Marc Kampol Mieville";
				TargetAttributes = {
					8B8A69C21DBFD804005030EC = {
						CreatedOnToolsVersion = 8.0;
						DevelopmentTeam = 8GL695U4E9;
						ProvisioningStyle = Automatic;
						SystemCapabilities = {
							com.apple.Keychain = {
								enabled = 1;
							};
						};
					};
				};
			};
			buildConfigurationList = 8B8A69BE1DBFD804005030EC /* Build configuration list for PBXProject "Social Ring" */;
			compatibilityVersion = "Xcode 3.2";
			developmentRegion = English;
			hasScannedForEncodings = 0;
			knownRegions = (
				en,
				Base,
			);
			mainGroup = 8B8A69BA1DBFD804005030EC;
			productRefGroup = 8B8A69C41DBFD804005030EC /* Products */;
			projectDirPath = "";
			projectRoot = "";
			targets = (
				8B8A69C21DBFD804005030EC /* Social Ring */,
			);
		};
/* End PBXProject section */

/* Begin PBXResourcesBuildPhase section */
		8B8A69C11DBFD804005030EC /* Resources */ = {
			isa = PBXResourcesBuildPhase;
			buildActionMask = 2147483647;
			files = (
				8B8A69D11DBFD804005030EC /* LaunchScreen.storyboard in Resources */,
				8B37922F1DC4D74A00552254 /* GoogleService-Info.plist in Resources */,
				8B8A69CE1DBFD804005030EC /* Assets.xcassets in Resources */,
				8B8A69CC1DBFD804005030EC /* Main.storyboard in Resources */,
			);
			runOnlyForDeploymentPostprocessing = 0;
		};
/* End PBXResourcesBuildPhase section */

/* Begin PBXShellScriptBuildPhase section */
		6455EA5732A3AB7511407EAF /* [CP] Check Pods Manifest.lock */ = {
			isa = PBXShellScriptBuildPhase;
			buildActionMask = 2147483647;
			files = (
			);
			inputPaths = (
			);
			name = "[CP] Check Pods Manifest.lock";
			outputPaths = (
			);
			runOnlyForDeploymentPostprocessing = 0;
			shellPath = /bin/sh;
			shellScript = "diff \"${PODS_ROOT}/../Podfile.lock\" \"${PODS_ROOT}/Manifest.lock\" > /dev/null\nif [ $? != 0 ] ; then\n    # print error to STDERR\n    echo \"error: The sandbox is not in sync with the Podfile.lock. Run 'pod install' or update your CocoaPods installation.\" >&2\n    exit 1\nfi\n";
			showEnvVarsInLog = 0;
		};
		723BBBD9B3A22A02BE4BC57E /* [CP] Embed Pods Frameworks */ = {
			isa = PBXShellScriptBuildPhase;
			buildActionMask = 2147483647;
			files = (
			);
			inputPaths = (
			);
			name = "[CP] Embed Pods Frameworks";
			outputPaths = (
			);
			runOnlyForDeploymentPostprocessing = 0;
			shellPath = /bin/sh;
			shellScript = "\"${SRCROOT}/Pods/Target Support Files/Pods-Social Ring/Pods-Social Ring-frameworks.sh\"\n";
			showEnvVarsInLog = 0;
		};
		C8471E88896E1DD55CBB0020 /* [CP] Copy Pods Resources */ = {
			isa = PBXShellScriptBuildPhase;
			buildActionMask = 2147483647;
			files = (
			);
			inputPaths = (
			);
			name = "[CP] Copy Pods Resources";
			outputPaths = (
			);
			runOnlyForDeploymentPostprocessing = 0;
			shellPath = /bin/sh;
			shellScript = "\"${SRCROOT}/Pods/Target Support Files/Pods-Social Ring/Pods-Social Ring-resources.sh\"\n";
			showEnvVarsInLog = 0;
		};
/* End PBXShellScriptBuildPhase section */

/* Begin PBXSourcesBuildPhase section */
		8B8A69BF1DBFD804005030EC /* Sources */ = {
			isa = PBXSourcesBuildPhase;
			buildActionMask = 2147483647;
			files = (
				8B884F8B1DC7ACA800E1E3E4 /* CircleView.swift in Sources */,
				8B8A69C91DBFD804005030EC /* ViewController.swift in Sources */,
				8B3792361DC5B8E800552254 /* FeedVCViewController.swift in Sources */,
				8B8A69C71DBFD804005030EC /* AppDelegate.swift in Sources */,
				8B3792341DC5B37A00552254 /* Constants.swift in Sources */,
				8B3792391DC67BD400552254 /* PostCell.swift in Sources */,
			);
			runOnlyForDeploymentPostprocessing = 0;
		};
/* End PBXSourcesBuildPhase section */

/* Begin PBXVariantGroup section */
		8B8A69CA1DBFD804005030EC /* Main.storyboard */ = {
			isa = PBXVariantGroup;
			children = (
				8B8A69CB1DBFD804005030EC /* Base */,
			);
			name = Main.storyboard;
			sourceTree = "<group>";
		};
		8B8A69CF1DBFD804005030EC /* LaunchScreen.storyboard */ = {
			isa = PBXVariantGroup;
			children = (
				8B8A69D01DBFD804005030EC /* Base */,
			);
			name = LaunchScreen.storyboard;
			sourceTree = "<group>";
		};
/* End PBXVariantGroup section */

/* Begin XCBuildConfiguration section */
		8B8A69D31DBFD804005030EC /* Debug */ = {
			isa = XCBuildConfiguration;
			buildSettings = {
				ALWAYS_SEARCH_USER_PATHS = NO;
				CLANG_ANALYZER_NONNULL = YES;
				CLANG_CXX_LANGUAGE_STANDARD = "gnu++0x";
				CLANG_CXX_LIBRARY = "libc++";
				CLANG_ENABLE_MODULES = YES;
				CLANG_ENABLE_OBJC_ARC = YES;
				CLANG_WARN_BOOL_CONVERSION = YES;
				CLANG_WARN_CONSTANT_CONVERSION = YES;
				CLANG_WARN_DIRECT_OBJC_ISA_USAGE = YES_ERROR;
				CLANG_WARN_DOCUMENTATION_COMMENTS = YES;
				CLANG_WARN_EMPTY_BODY = YES;
				CLANG_WARN_ENUM_CONVERSION = YES;
				CLANG_WARN_INFINITE_RECURSION = YES;
				CLANG_WARN_INT_CONVERSION = YES;
				CLANG_WARN_OBJC_ROOT_CLASS = YES_ERROR;
				CLANG_WARN_SUSPICIOUS_MOVES = YES;
				CLANG_WARN_UNREACHABLE_CODE = YES;
				CLANG_WARN__DUPLICATE_METHOD_MATCH = YES;
				"CODE_SIGN_IDENTITY[sdk=iphoneos*]" = "iPhone Developer";
				COPY_PHASE_STRIP = NO;
				DEBUG_INFORMATION_FORMAT = dwarf;
				ENABLE_STRICT_OBJC_MSGSEND = YES;
				ENABLE_TESTABILITY = YES;
				GCC_C_LANGUAGE_STANDARD = gnu99;
				GCC_DYNAMIC_NO_PIC = NO;
				GCC_NO_COMMON_BLOCKS = YES;
				GCC_OPTIMIZATION_LEVEL = 0;
				GCC_PREPROCESSOR_DEFINITIONS = (
					"DEBUG=1",
					"$(inherited)",
				);
				GCC_WARN_64_TO_32_BIT_CONVERSION = YES;
				GCC_WARN_ABOUT_RETURN_TYPE = YES_ERROR;
				GCC_WARN_UNDECLARED_SELECTOR = YES;
				GCC_WARN_UNINITIALIZED_AUTOS = YES_AGGRESSIVE;
				GCC_WARN_UNUSED_FUNCTION = YES;
				GCC_WARN_UNUSED_VARIABLE = YES;
				IPHONEOS_DEPLOYMENT_TARGET = 10.0;
				MTL_ENABLE_DEBUG_INFO = YES;
				ONLY_ACTIVE_ARCH = YES;
				SDKROOT = iphoneos;
				SWIFT_ACTIVE_COMPILATION_CONDITIONS = DEBUG;
				SWIFT_OPTIMIZATION_LEVEL = "-Onone";
				TARGETED_DEVICE_FAMILY = "1,2";
			};
			name = Debug;
		};
		8B8A69D41DBFD804005030EC /* Release */ = {
			isa = XCBuildConfiguration;
			buildSettings = {
				ALWAYS_SEARCH_USER_PATHS = NO;
				CLANG_ANALYZER_NONNULL = YES;
				CLANG_CXX_LANGUAGE_STANDARD = "gnu++0x";
				CLANG_CXX_LIBRARY = "libc++";
				CLANG_ENABLE_MODULES = YES;
				CLANG_ENABLE_OBJC_ARC = YES;
				CLANG_WARN_BOOL_CONVERSION = YES;
				CLANG_WARN_CONSTANT_CONVERSION = YES;
				CLANG_WARN_DIRECT_OBJC_ISA_USAGE = YES_ERROR;
				CLANG_WARN_DOCUMENTATION_COMMENTS = YES;
				CLANG_WARN_EMPTY_BODY = YES;
				CLANG_WARN_ENUM_CONVERSION = YES;
				CLANG_WARN_INFINITE_RECURSION = YES;
				CLANG_WARN_INT_CONVERSION = YES;
				CLANG_WARN_OBJC_ROOT_CLASS = YES_ERROR;
				CLANG_WARN_SUSPICIOUS_MOVES = YES;
				CLANG_WARN_UNREACHABLE_CODE = YES;
				CLANG_WARN__DUPLICATE_METHOD_MATCH = YES;
				"CODE_SIGN_IDENTITY[sdk=iphoneos*]" = "iPhone Developer";
				COPY_PHASE_STRIP = NO;
				DEBUG_INFORMATION_FORMAT = "dwarf-with-dsym";
				ENABLE_NS_ASSERTIONS = NO;
				ENABLE_STRICT_OBJC_MSGSEND = YES;
				GCC_C_LANGUAGE_STANDARD = gnu99;
				GCC_NO_COMMON_BLOCKS = YES;
				GCC_WARN_64_TO_32_BIT_CONVERSION = YES;
				GCC_WARN_ABOUT_RETURN_TYPE = YES_ERROR;
				GCC_WARN_UNDECLARED_SELECTOR = YES;
				GCC_WARN_UNINITIALIZED_AUTOS = YES_AGGRESSIVE;
				GCC_WARN_UNUSED_FUNCTION = YES;
				GCC_WARN_UNUSED_VARIABLE = YES;
				IPHONEOS_DEPLOYMENT_TARGET = 10.0;
				MTL_ENABLE_DEBUG_INFO = NO;
				SDKROOT = iphoneos;
				SWIFT_OPTIMIZATION_LEVEL = "-Owholemodule";
				TARGETED_DEVICE_FAMILY = "1,2";
				VALIDATE_PRODUCT = YES;
			};
			name = Release;
		};
		8B8A69D61DBFD804005030EC /* Debug */ = {
			isa = XCBuildConfiguration;
			baseConfigurationReference = CAF52FC766352DED9BBADA34 /* Pods-Social Ring.debug.xcconfig */;
			buildSettings = {
				ASSETCATALOG_COMPILER_APPICON_NAME = AppIcon;
				CODE_SIGN_ENTITLEMENTS = "Social Ring/Social Ring.entitlements";
				DEVELOPMENT_TEAM = 8GL695U4E9;
				INFOPLIST_FILE = "Social Ring/Info.plist";
				LD_RUNPATH_SEARCH_PATHS = "$(inherited) @executable_path/Frameworks";
				PRODUCT_BUNDLE_IDENTIFIER = "MievilleKampolJeanMarc.Social-Ring";
				PRODUCT_NAME = "$(TARGET_NAME)";
				SWIFT_VERSION = 3.0;
			};
			name = Debug;
		};
		8B8A69D71DBFD804005030EC /* Release */ = {
			isa = XCBuildConfiguration;
			baseConfigurationReference = DA625E281FD49420C8AA1DD5 /* Pods-Social Ring.release.xcconfig */;
			buildSettings = {
				ASSETCATALOG_COMPILER_APPICON_NAME = AppIcon;
				CODE_SIGN_ENTITLEMENTS = "Social Ring/Social Ring.entitlements";
				DEVELOPMENT_TEAM = 8GL695U4E9;
				INFOPLIST_FILE = "Social Ring/Info.plist";
				LD_RUNPATH_SEARCH_PATHS = "$(inherited) @executable_path/Frameworks";
				PRODUCT_BUNDLE_IDENTIFIER = "MievilleKampolJeanMarc.Social-Ring";
				PRODUCT_NAME = "$(TARGET_NAME)";
				SWIFT_VERSION = 3.0;
			};
			name = Release;
		};
/* End XCBuildConfiguration section */

/* Begin XCConfigurationList section */
		8B8A69BE1DBFD804005030EC /* Build configuration list for PBXProject "Social Ring" */ = {
			isa = XCConfigurationList;
			buildConfigurations = (
				8B8A69D31DBFD804005030EC /* Debug */,
				8B8A69D41DBFD804005030EC /* Release */,
			);
			defaultConfigurationIsVisible = 0;
			defaultConfigurationName = Release;
		};
		8B8A69D51DBFD804005030EC /* Build configuration list for PBXNativeTarget "Social Ring" */ = {
			isa = XCConfigurationList;
			buildConfigurations = (
				8B8A69D61DBFD804005030EC /* Debug */,
				8B8A69D71DBFD804005030EC /* Release */,
			);
			defaultConfigurationIsVisible = 0;
			defaultConfigurationName = Release;
		};
/* End XCConfigurationList section */
	};
	rootObject = 8B8A69BB1DBFD804005030EC /* Project object */;
}
